
Microsoft Visual Studio Solution File, Format Version 12.00
# Visual Studio Version 16
VisualStudioVersion = 16.0.29806.167
MinimumVisualStudioVersion = 10.0.40219.1
Project("{FAE04EC0-301F-11D3-BF4B-00C04F79EFBC}") = "ConsignmentShopUI", "ConsignmentShopUI\ConsignmentShopUI.csproj", "{FC776067-715A-4172-AC4D-1393C5CEA471}"
EndProject
Global
	GlobalSection(SolutionConfigurationPlatforms) = preSolution
		Debug|Any CPU = Debug|Any CPU
		Release|Any CPU = Release|Any CPU
	EndGlobalSection
	GlobalSection(ProjectConfigurationPlatforms) = postSolution
		{FC776067-715A-4172-AC4D-1393C5CEA471}.Debug|Any CPU.ActiveCfg = Debug|Any CPU
		{FC776067-715A-4172-AC4D-1393C5CEA471}.Debug|Any CPU.Build.0 = Debug|Any CPU
		{FC776067-715A-4172-AC4D-1393C5CEA471}.Release|Any CPU.ActiveCfg = Release|Any CPU
		{FC776067-715A-4172-AC4D-1393C5CEA471}.Release|Any CPU.Build.0 = Release|Any CPU
	EndGlobalSection
	GlobalSection(SolutionProperties) = preSolution
		HideSolutionNode = FALSE
	EndGlobalSection
	GlobalSection(ExtensibilityGlobals) = postSolution
		SolutionGuid = {9B581052-893E-49DC-87E0-9EF3713967BB}
	EndGlobalSection
EndGlobal
